// !$*UTF8*$!
{
	archiveVersion = 1;
	classes = {
	};
	objectVersion = 50;
	objects = {

/* Begin PBXBuildFile section */
		71AAC22725E5FC56003F984B /* SettingsView.swift in Sources */ = {isa = PBXBuildFile; fileRef = 71AAC22625E5FC56003F984B /* SettingsView.swift */; };
		71AAC22A25E5FCD0003F984B /* FormRowStaticView.swift in Sources */ = {isa = PBXBuildFile; fileRef = 71AAC22925E5FCD0003F984B /* FormRowStaticView.swift */; };
		71AAC22D25E5FCF6003F984B /* FormRowLinkView.swift in Sources */ = {isa = PBXBuildFile; fileRef = 71AAC22C25E5FCF6003F984B /* FormRowLinkView.swift */; };
		71AAC23925E61121003F984B /* Pink.png in Resources */ = {isa = PBXBuildFile; fileRef = 71AAC23025E61121003F984B /* Pink.png */; };
		71AAC23A25E61121003F984B /* Green Dark.png in Resources */ = {isa = PBXBuildFile; fileRef = 71AAC23125E61121003F984B /* Green Dark.png */; };
		71AAC23B25E61121003F984B /* Pink Light.png in Resources */ = {isa = PBXBuildFile; fileRef = 71AAC23225E61121003F984B /* Pink Light.png */; };
		71AAC23C25E61121003F984B /* Blue Dark.png in Resources */ = {isa = PBXBuildFile; fileRef = 71AAC23325E61121003F984B /* Blue Dark.png */; };
		71AAC23D25E61121003F984B /* Green Light.png in Resources */ = {isa = PBXBuildFile; fileRef = 71AAC23425E61121003F984B /* Green Light.png */; };
		71AAC23E25E61121003F984B /* Blue Light.png in Resources */ = {isa = PBXBuildFile; fileRef = 71AAC23525E61121003F984B /* Blue Light.png */; };
		71AAC23F25E61121003F984B /* Blue.png in Resources */ = {isa = PBXBuildFile; fileRef = 71AAC23625E61121003F984B /* Blue.png */; };
		71AAC24025E61121003F984B /* Green.png in Resources */ = {isa = PBXBuildFile; fileRef = 71AAC23725E61121003F984B /* Green.png */; };
		71AAC24125E61121003F984B /* Pink Dark.png in Resources */ = {isa = PBXBuildFile; fileRef = 71AAC23825E61121003F984B /* Pink Dark.png */; };
		71AD25DD25DF67D0004BA713 /* EmptyListView.swift in Sources */ = {isa = PBXBuildFile; fileRef = 71AD25DC25DF67D0004BA713 /* EmptyListView.swift */; };
		71AFD32225DA1F6D00688894 /* AppDelegate.swift in Sources */ = {isa = PBXBuildFile; fileRef = 71AFD32125DA1F6D00688894 /* AppDelegate.swift */; };
		71AFD32425DA1F6D00688894 /* SceneDelegate.swift in Sources */ = {isa = PBXBuildFile; fileRef = 71AFD32325DA1F6D00688894 /* SceneDelegate.swift */; };
		71AFD32625DA1F6D00688894 /* ContentView.swift in Sources */ = {isa = PBXBuildFile; fileRef = 71AFD32525DA1F6D00688894 /* ContentView.swift */; };
		71AFD32925DA1F6D00688894 /* Todo_App.xcdatamodeld in Sources */ = {isa = PBXBuildFile; fileRef = 71AFD32725DA1F6D00688894 /* Todo_App.xcdatamodeld */; };
		71AFD32B25DA1F7500688894 /* Assets.xcassets in Resources */ = {isa = PBXBuildFile; fileRef = 71AFD32A25DA1F7500688894 /* Assets.xcassets */; };
		71AFD32E25DA1F7500688894 /* Preview Assets.xcassets in Resources */ = {isa = PBXBuildFile; fileRef = 71AFD32D25DA1F7500688894 /* Preview Assets.xcassets */; };
		71AFD33125DA1F7500688894 /* LaunchScreen.storyboard in Resources */ = {isa = PBXBuildFile; fileRef = 71AFD32F25DA1F7500688894 /* LaunchScreen.storyboard */; };
		71AFD33C25DA20CF00688894 /* AddTodoView.swift in Sources */ = {isa = PBXBuildFile; fileRef = 71AFD33B25DA20CF00688894 /* AddTodoView.swift */; };
		71BCEE8D25E363ED00C5168B /* ThemeModel.swift in Sources */ = {isa = PBXBuildFile; fileRef = 71BCEE8C25E363ED00C5168B /* ThemeModel.swift */; };
		71BCEE9025E3640500C5168B /* ThemeData.swift in Sources */ = {isa = PBXBuildFile; fileRef = 71BCEE8F25E3640500C5168B /* ThemeData.swift */; };
		71BCEE9325E3685F00C5168B /* ThemeSettings.swift in Sources */ = {isa = PBXBuildFile; fileRef = 71BCEE9225E3685F00C5168B /* ThemeSettings.swift */; };
/* End PBXBuildFile section */

/* Begin PBXFileReference section */
		71AAC22625E5FC56003F984B /* SettingsView.swift */ = {isa = PBXFileReference; lastKnownFileType = sourcecode.swift; path = SettingsView.swift; sourceTree = "<group>"; };
		71AAC22925E5FCD0003F984B /* FormRowStaticView.swift */ = {isa = PBXFileReference; lastKnownFileType = sourcecode.swift; path = FormRowStaticView.swift; sourceTree = "<group>"; };
		71AAC22C25E5FCF6003F984B /* FormRowLinkView.swift */ = {isa = PBXFileReference; lastKnownFileType = sourcecode.swift; path = FormRowLinkView.swift; sourceTree = "<group>"; };
		71AAC23025E61121003F984B /* Pink.png */ = {isa = PBXFileReference; lastKnownFileType = image.png; path = Pink.png; sourceTree = "<group>"; };
		71AAC23125E61121003F984B /* Green Dark.png */ = {isa = PBXFileReference; lastKnownFileType = image.png; path = "Green Dark.png"; sourceTree = "<group>"; };
		71AAC23225E61121003F984B /* Pink Light.png */ = {isa = PBXFileReference; lastKnownFileType = image.png; path = "Pink Light.png"; sourceTree = "<group>"; };
		71AAC23325E61121003F984B /* Blue Dark.png */ = {isa = PBXFileReference; lastKnownFileType = image.png; path = "Blue Dark.png"; sourceTree = "<group>"; };
		71AAC23425E61121003F984B /* Green Light.png */ = {isa = PBXFileReference; lastKnownFileType = image.png; path = "Green Light.png"; sourceTree = "<group>"; };
		71AAC23525E61121003F984B /* Blue Light.png */ = {isa = PBXFileReference; lastKnownFileType = image.png; path = "Blue Light.png"; sourceTree = "<group>"; };
		71AAC23625E61121003F984B /* Blue.png */ = {isa = PBXFileReference; lastKnownFileType = image.png; path = Blue.png; sourceTree = "<group>"; };
		71AAC23725E61121003F984B /* Green.png */ = {isa = PBXFileReference; lastKnownFileType = image.png; path = Green.png; sourceTree = "<group>"; };
		71AAC23825E61121003F984B /* Pink Dark.png */ = {isa = PBXFileReference; lastKnownFileType = image.png; path = "Pink Dark.png"; sourceTree = "<group>"; };
		71AD25DC25DF67D0004BA713 /* EmptyListView.swift */ = {isa = PBXFileReference; lastKnownFileType = sourcecode.swift; path = EmptyListView.swift; sourceTree = "<group>"; };
		71AFD31E25DA1F6D00688894 /* Todo App.app */ = {isa = PBXFileReference; explicitFileType = wrapper.application; includeInIndex = 0; path = "Todo App.app"; sourceTree = BUILT_PRODUCTS_DIR; };
		71AFD32125DA1F6D00688894 /* AppDelegate.swift */ = {isa = PBXFileReference; lastKnownFileType = sourcecode.swift; path = AppDelegate.swift; sourceTree = "<group>"; };
		71AFD32325DA1F6D00688894 /* SceneDelegate.swift */ = {isa = PBXFileReference; lastKnownFileType = sourcecode.swift; path = SceneDelegate.swift; sourceTree = "<group>"; };
		71AFD32525DA1F6D00688894 /* ContentView.swift */ = {isa = PBXFileReference; lastKnownFileType = sourcecode.swift; path = ContentView.swift; sourceTree = "<group>"; };
		71AFD32825DA1F6D00688894 /* Todo_App.xcdatamodel */ = {isa = PBXFileReference; lastKnownFileType = wrapper.xcdatamodel; path = Todo_App.xcdatamodel; sourceTree = "<group>"; };
		71AFD32A25DA1F7500688894 /* Assets.xcassets */ = {isa = PBXFileReference; lastKnownFileType = folder.assetcatalog; path = Assets.xcassets; sourceTree = "<group>"; };
		71AFD32D25DA1F7500688894 /* Preview Assets.xcassets */ = {isa = PBXFileReference; lastKnownFileType = folder.assetcatalog; path = "Preview Assets.xcassets"; sourceTree = "<group>"; };
		71AFD33025DA1F7500688894 /* Base */ = {isa = PBXFileReference; lastKnownFileType = file.storyboard; name = Base; path = Base.lproj/LaunchScreen.storyboard; sourceTree = "<group>"; };
		71AFD33225DA1F7500688894 /* Info.plist */ = {isa = PBXFileReference; lastKnownFileType = text.plist.xml; path = Info.plist; sourceTree = "<group>"; };
		71AFD33B25DA20CF00688894 /* AddTodoView.swift */ = {isa = PBXFileReference; lastKnownFileType = sourcecode.swift; path = AddTodoView.swift; sourceTree = "<group>"; };
		71BCEE8C25E363ED00C5168B /* ThemeModel.swift */ = {isa = PBXFileReference; lastKnownFileType = sourcecode.swift; path = ThemeModel.swift; sourceTree = "<group>"; };
		71BCEE8F25E3640500C5168B /* ThemeData.swift */ = {isa = PBXFileReference; lastKnownFileType = sourcecode.swift; path = ThemeData.swift; sourceTree = "<group>"; };
		71BCEE9225E3685F00C5168B /* ThemeSettings.swift */ = {isa = PBXFileReference; lastKnownFileType = sourcecode.swift; path = ThemeSettings.swift; sourceTree = "<group>"; };
/* End PBXFileReference section */

/* Begin PBXFrameworksBuildPhase section */
		71AFD31B25DA1F6D00688894 /* Frameworks */ = {
			isa = PBXFrameworksBuildPhase;
			buildActionMask = 2147483647;
			files = (
			);
			runOnlyForDeploymentPostprocessing = 0;
		};
/* End PBXFrameworksBuildPhase section */

/* Begin PBXGroup section */
		71AAC22F25E610E6003F984B /* Icons */ = {
			isa = PBXGroup;
			children = (
				71AAC23325E61121003F984B /* Blue Dark.png */,
				71AAC23525E61121003F984B /* Blue Light.png */,
				71AAC23625E61121003F984B /* Blue.png */,
				71AAC23125E61121003F984B /* Green Dark.png */,
				71AAC23425E61121003F984B /* Green Light.png */,
				71AAC23725E61121003F984B /* Green.png */,
				71AAC23825E61121003F984B /* Pink Dark.png */,
				71AAC23225E61121003F984B /* Pink Light.png */,
				71AAC23025E61121003F984B /* Pink.png */,
			);
			path = Icons;
			sourceTree = "<group>";
		};
		71AFD31525DA1F6D00688894 = {
			isa = PBXGroup;
			children = (
				71AFD32025DA1F6D00688894 /* Todo App */,
				71AFD31F25DA1F6D00688894 /* Products */,
			);
			sourceTree = "<group>";
		};
		71AFD31F25DA1F6D00688894 /* Products */ = {
			isa = PBXGroup;
			children = (
				71AFD31E25DA1F6D00688894 /* Todo App.app */,
			);
			name = Products;
			sourceTree = "<group>";
		};
		71AFD32025DA1F6D00688894 /* Todo App */ = {
			isa = PBXGroup;
			children = (
				71AAC22F25E610E6003F984B /* Icons */,
				71BCEE7625E3600900C5168B /* Themes */,
				71AFD33925DA1FBA00688894 /* View */,
				71AFD32125DA1F6D00688894 /* AppDelegate.swift */,
				71AFD32325DA1F6D00688894 /* SceneDelegate.swift */,
				71AFD32A25DA1F7500688894 /* Assets.xcassets */,
				71AFD32F25DA1F7500688894 /* LaunchScreen.storyboard */,
				71AFD33225DA1F7500688894 /* Info.plist */,
				71AFD32725DA1F6D00688894 /* Todo_App.xcdatamodeld */,
				71AFD32C25DA1F7500688894 /* Preview Content */,
			);
			path = "Todo App";
			sourceTree = "<group>";
		};
		71AFD32C25DA1F7500688894 /* Preview Content */ = {
			isa = PBXGroup;
			children = (
				71AFD32D25DA1F7500688894 /* Preview Assets.xcassets */,
			);
			path = "Preview Content";
			sourceTree = "<group>";
		};
		71AFD33925DA1FBA00688894 /* View */ = {
			isa = PBXGroup;
			children = (
				71AFD32525DA1F6D00688894 /* ContentView.swift */,
				71AFD33B25DA20CF00688894 /* AddTodoView.swift */,
				71AD25DC25DF67D0004BA713 /* EmptyListView.swift */,
				71AAC22625E5FC56003F984B /* SettingsView.swift */,
				71AAC22925E5FCD0003F984B /* FormRowStaticView.swift */,
				71AAC22C25E5FCF6003F984B /* FormRowLinkView.swift */,
			);
			path = View;
			sourceTree = "<group>";
		};
		71BCEE7625E3600900C5168B /* Themes */ = {
			isa = PBXGroup;
			children = (
				71BCEE8C25E363ED00C5168B /* ThemeModel.swift */,
				71BCEE8F25E3640500C5168B /* ThemeData.swift */,
				71BCEE9225E3685F00C5168B /* ThemeSettings.swift */,
			);
			path = Themes;
			sourceTree = "<group>";
		};
/* End PBXGroup section */

/* Begin PBXNativeTarget section */
		71AFD31D25DA1F6D00688894 /* Todo App */ = {
			isa = PBXNativeTarget;
			buildConfigurationList = 71AFD33525DA1F7500688894 /* Build configuration list for PBXNativeTarget "Todo App" */;
			buildPhases = (
				71AFD31A25DA1F6D00688894 /* Sources */,
				71AFD31B25DA1F6D00688894 /* Frameworks */,
				71AFD31C25DA1F6D00688894 /* Resources */,
			);
			buildRules = (
			);
			dependencies = (
			);
			name = "Todo App";
			productName = "Todo App";
			productReference = 71AFD31E25DA1F6D00688894 /* Todo App.app */;
			productType = "com.apple.product-type.application";
		};
/* End PBXNativeTarget section */

/* Begin PBXProject section */
		71AFD31625DA1F6D00688894 /* Project object */ = {
			isa = PBXProject;
			attributes = {
				LastSwiftUpdateCheck = 1210;
				LastUpgradeCheck = 1210;
				TargetAttributes = {
					71AFD31D25DA1F6D00688894 = {
						CreatedOnToolsVersion = 12.1;
					};
				};
			};
			buildConfigurationList = 71AFD31925DA1F6D00688894 /* Build configuration list for PBXProject "Todo App" */;
			compatibilityVersion = "Xcode 9.3";
			developmentRegion = en;
			hasScannedForEncodings = 0;
			knownRegions = (
				en,
				Base,
			);
			mainGroup = 71AFD31525DA1F6D00688894;
			productRefGroup = 71AFD31F25DA1F6D00688894 /* Products */;
			projectDirPath = "";
			projectRoot = "";
			targets = (
				71AFD31D25DA1F6D00688894 /* Todo App */,
			);
		};
/* End PBXProject section */

/* Begin PBXResourcesBuildPhase section */
		71AFD31C25DA1F6D00688894 /* Resources */ = {
			isa = PBXResourcesBuildPhase;
			buildActionMask = 2147483647;
			files = (
				71AAC24125E61121003F984B /* Pink Dark.png in Resources */,
				71AFD33125DA1F7500688894 /* LaunchScreen.storyboard in Resources */,
				71AAC23A25E61121003F984B /* Green Dark.png in Resources */,
				71AAC23925E61121003F984B /* Pink.png in Resources */,
				71AAC24025E61121003F984B /* Green.png in Resources */,
				71AAC23D25E61121003F984B /* Green Light.png in Resources */,
				71AFD32E25DA1F7500688894 /* Preview Assets.xcassets in Resources */,
				71AFD32B25DA1F7500688894 /* Assets.xcassets in Resources */,
				71AAC23E25E61121003F984B /* Blue Light.png in Resources */,
				71AAC23F25E61121003F984B /* Blue.png in Resources */,
				71AAC23C25E61121003F984B /* Blue Dark.png in Resources */,
				71AAC23B25E61121003F984B /* Pink Light.png in Resources */,
			);
			runOnlyForDeploymentPostprocessing = 0;
		};
/* End PBXResourcesBuildPhase section */

/* Begin PBXSourcesBuildPhase section */
		71AFD31A25DA1F6D00688894 /* Sources */ = {
			isa = PBXSourcesBuildPhase;
			buildActionMask = 2147483647;
			files = (
				71BCEE8D25E363ED00C5168B /* ThemeModel.swift in Sources */,
				71AFD32225DA1F6D00688894 /* AppDelegate.swift in Sources */,
				71AFD32425DA1F6D00688894 /* SceneDelegate.swift in Sources */,
				71BCEE9325E3685F00C5168B /* ThemeSettings.swift in Sources */,
				71AAC22A25E5FCD0003F984B /* FormRowStaticView.swift in Sources */,
				71AAC22D25E5FCF6003F984B /* FormRowLinkView.swift in Sources */,
				71AD25DD25DF67D0004BA713 /* EmptyListView.swift in Sources */,
				71AAC22725E5FC56003F984B /* SettingsView.swift in Sources */,
				71AFD32625DA1F6D00688894 /* ContentView.swift in Sources */,
				71AFD32925DA1F6D00688894 /* Todo_App.xcdatamodeld in Sources */,
				71AFD33C25DA20CF00688894 /* AddTodoView.swift in Sources */,
				71BCEE9025E3640500C5168B /* ThemeData.swift in Sources */,
			);
			runOnlyForDeploymentPostprocessing = 0;
		};
/* End PBXSourcesBuildPhase section */

/* Begin PBXVariantGroup section */
		71AFD32F25DA1F7500688894 /* LaunchScreen.storyboard */ = {
			isa = PBXVariantGroup;
			children = (
				71AFD33025DA1F7500688894 /* Base */,
			);
			name = LaunchScreen.storyboard;
			sourceTree = "<group>";
		};
/* End PBXVariantGroup section */

/* Begin XCBuildConfiguration section */
		71AFD33325DA1F7500688894 /* Debug */ = {
			isa = XCBuildConfiguration;
			buildSettings = {
				ALWAYS_SEARCH_USER_PATHS = NO;
				CLANG_ANALYZER_NONNULL = YES;
				CLANG_ANALYZER_NUMBER_OBJECT_CONVERSION = YES_AGGRESSIVE;
				CLANG_CXX_LANGUAGE_STANDARD = "gnu++14";
				CLANG_CXX_LIBRARY = "libc++";
				CLANG_ENABLE_MODULES = YES;
				CLANG_ENABLE_OBJC_ARC = YES;
				CLANG_ENABLE_OBJC_WEAK = YES;
				CLANG_WARN_BLOCK_CAPTURE_AUTORELEASING = YES;
				CLANG_WARN_BOOL_CONVERSION = YES;
				CLANG_WARN_COMMA = YES;
				CLANG_WARN_CONSTANT_CONVERSION = YES;
				CLANG_WARN_DEPRECATED_OBJC_IMPLEMENTATIONS = YES;
				CLANG_WARN_DIRECT_OBJC_ISA_USAGE = YES_ERROR;
				CLANG_WARN_DOCUMENTATION_COMMENTS = YES;
				CLANG_WARN_EMPTY_BODY = YES;
				CLANG_WARN_ENUM_CONVERSION = YES;
				CLANG_WARN_INFINITE_RECURSION = YES;
				CLANG_WARN_INT_CONVERSION = YES;
				CLANG_WARN_NON_LITERAL_NULL_CONVERSION = YES;
				CLANG_WARN_OBJC_IMPLICIT_RETAIN_SELF = YES;
				CLANG_WARN_OBJC_LITERAL_CONVERSION = YES;
				CLANG_WARN_OBJC_ROOT_CLASS = YES_ERROR;
				CLANG_WARN_QUOTED_INCLUDE_IN_FRAMEWORK_HEADER = YES;
				CLANG_WARN_RANGE_LOOP_ANALYSIS = YES;
				CLANG_WARN_STRICT_PROTOTYPES = YES;
				CLANG_WARN_SUSPICIOUS_MOVE = YES;
				CLANG_WARN_UNGUARDED_AVAILABILITY = YES_AGGRESSIVE;
				CLANG_WARN_UNREACHABLE_CODE = YES;
				CLANG_WARN__DUPLICATE_METHOD_MATCH = YES;
				COPY_PHASE_STRIP = NO;
				DEBUG_INFORMATION_FORMAT = dwarf;
				ENABLE_STRICT_OBJC_MSGSEND = YES;
				ENABLE_TESTABILITY = YES;
				GCC_C_LANGUAGE_STANDARD = gnu11;
				GCC_DYNAMIC_NO_PIC = NO;
				GCC_NO_COMMON_BLOCKS = YES;
				GCC_OPTIMIZATION_LEVEL = 0;
				GCC_PREPROCESSOR_DEFINITIONS = (
					"DEBUG=1",
					"$(inherited)",
				);
				GCC_WARN_64_TO_32_BIT_CONVERSION = YES;
				GCC_WARN_ABOUT_RETURN_TYPE = YES_ERROR;
				GCC_WARN_UNDECLARED_SELECTOR = YES;
				GCC_WARN_UNINITIALIZED_AUTOS = YES_AGGRESSIVE;
				GCC_WARN_UNUSED_FUNCTION = YES;
				GCC_WARN_UNUSED_VARIABLE = YES;
				IPHONEOS_DEPLOYMENT_TARGET = 14.1;
				MTL_ENABLE_DEBUG_INFO = INCLUDE_SOURCE;
				MTL_FAST_MATH = YES;
				ONLY_ACTIVE_ARCH = YES;
				SDKROOT = iphoneos;
				SWIFT_ACTIVE_COMPILATION_CONDITIONS = DEBUG;
				SWIFT_OPTIMIZATION_LEVEL = "-Onone";
			};
			name = Debug;
		};
		71AFD33425DA1F7500688894 /* Release */ = {
			isa = XCBuildConfiguration;
			buildSettings = {
				ALWAYS_SEARCH_USER_PATHS = NO;
				CLANG_ANALYZER_NONNULL = YES;
				CLANG_ANALYZER_NUMBER_OBJECT_CONVERSION = YES_AGGRESSIVE;
				CLANG_CXX_LANGUAGE_STANDARD = "gnu++14";
				CLANG_CXX_LIBRARY = "libc++";
				CLANG_ENABLE_MODULES = YES;
				CLANG_ENABLE_OBJC_ARC = YES;
				CLANG_ENABLE_OBJC_WEAK = YES;
				CLANG_WARN_BLOCK_CAPTURE_AUTORELEASING = YES;
				CLANG_WARN_BOOL_CONVERSION = YES;
				CLANG_WARN_COMMA = YES;
				CLANG_WARN_CONSTANT_CONVERSION = YES;
				CLANG_WARN_DEPRECATED_OBJC_IMPLEMENTATIONS = YES;
				CLANG_WARN_DIRECT_OBJC_ISA_USAGE = YES_ERROR;
				CLANG_WARN_DOCUMENTATION_COMMENTS = YES;
				CLANG_WARN_EMPTY_BODY = YES;
				CLANG_WARN_ENUM_CONVERSION = YES;
				CLANG_WARN_INFINITE_RECURSION = YES;
				CLANG_WARN_INT_CONVERSION = YES;
				CLANG_WARN_NON_LITERAL_NULL_CONVERSION = YES;
				CLANG_WARN_OBJC_IMPLICIT_RETAIN_SELF = YES;
				CLANG_WARN_OBJC_LITERAL_CONVERSION = YES;
				CLANG_WARN_OBJC_ROOT_CLASS = YES_ERROR;
				CLANG_WARN_QUOTED_INCLUDE_IN_FRAMEWORK_HEADER = YES;
				CLANG_WARN_RANGE_LOOP_ANALYSIS = YES;
				CLANG_WARN_STRICT_PROTOTYPES = YES;
				CLANG_WARN_SUSPICIOUS_MOVE = YES;
				CLANG_WARN_UNGUARDED_AVAILABILITY = YES_AGGRESSIVE;
				CLANG_WARN_UNREACHABLE_CODE = YES;
				CLANG_WARN__DUPLICATE_METHOD_MATCH = YES;
				COPY_PHASE_STRIP = NO;
				DEBUG_INFORMATION_FORMAT = "dwarf-with-dsym";
				ENABLE_NS_ASSERTIONS = NO;
				ENABLE_STRICT_OBJC_MSGSEND = YES;
				GCC_C_LANGUAGE_STANDARD = gnu11;
				GCC_NO_COMMON_BLOCKS = YES;
				GCC_WARN_64_TO_32_BIT_CONVERSION = YES;
				GCC_WARN_ABOUT_RETURN_TYPE = YES_ERROR;
				GCC_WARN_UNDECLARED_SELECTOR = YES;
				GCC_WARN_UNINITIALIZED_AUTOS = YES_AGGRESSIVE;
				GCC_WARN_UNUSED_FUNCTION = YES;
				GCC_WARN_UNUSED_VARIABLE = YES;
				IPHONEOS_DEPLOYMENT_TARGET = 14.1;
				MTL_ENABLE_DEBUG_INFO = NO;
				MTL_FAST_MATH = YES;
				SDKROOT = iphoneos;
				SWIFT_COMPILATION_MODE = wholemodule;
				SWIFT_OPTIMIZATION_LEVEL = "-O";
				VALIDATE_PRODUCT = YES;
			};
			name = Release;
		};
		71AFD33625DA1F7500688894 /* Debug */ = {
			isa = XCBuildConfiguration;
			buildSettings = {
				ASSETCATALOG_COMPILER_APPICON_NAME = AppIcon;
				ASSETCATALOG_COMPILER_GLOBAL_ACCENT_COLOR_NAME = AccentColor;
				CODE_SIGN_STYLE = Automatic;
				DEVELOPMENT_ASSET_PATHS = "\"Todo App/Preview Content\"";
				ENABLE_PREVIEWS = YES;
				INFOPLIST_FILE = "Todo App/Info.plist";
				LD_RUNPATH_SEARCH_PATHS = (
					"$(inherited)",
					"@executable_path/Frameworks",
				);
				PRODUCT_BUNDLE_IDENTIFIER = "growdev.Todo-App";
				PRODUCT_NAME = "$(TARGET_NAME)";
				SWIFT_VERSION = 5.0;
				TARGETED_DEVICE_FAMILY = "1,2";
			};
			name = Debug;
		};
		71AFD33725DA1F7500688894 /* Release */ = {
			isa = XCBuildConfiguration;
			buildSettings = {
				ASSETCATALOG_COMPILER_APPICON_NAME = AppIcon;
				ASSETCATALOG_COMPILER_GLOBAL_ACCENT_COLOR_NAME = AccentColor;
				CODE_SIGN_STYLE = Automatic;
				DEVELOPMENT_ASSET_PATHS = "\"Todo App/Preview Content\"";
				ENABLE_PREVIEWS = YES;
				INFOPLIST_FILE = "Todo App/Info.plist";
				LD_RUNPATH_SEARCH_PATHS = (
					"$(inherited)",
					"@executable_path/Frameworks",
				);
				PRODUCT_BUNDLE_IDENTIFIER = "growdev.Todo-App";
				PRODUCT_NAME = "$(TARGET_NAME)";
				SWIFT_VERSION = 5.0;
				TARGETED_DEVICE_FAMILY = "1,2";
			};
			name = Release;
		};
/* End XCBuildConfiguration section */

/* Begin XCConfigurationList section */
		71AFD31925DA1F6D00688894 /* Build configuration list for PBXProject "Todo App" */ = {
			isa = XCConfigurationList;
			buildConfigurations = (
				71AFD33325DA1F7500688894 /* Debug */,
				71AFD33425DA1F7500688894 /* Release */,
			);
			defaultConfigurationIsVisible = 0;
			defaultConfigurationName = Release;
		};
		71AFD33525DA1F7500688894 /* Build configuration list for PBXNativeTarget "Todo App" */ = {
			isa = XCConfigurationList;
			buildConfigurations = (
				71AFD33625DA1F7500688894 /* Debug */,
				71AFD33725DA1F7500688894 /* Release */,
			);
			defaultConfigurationIsVisible = 0;
			defaultConfigurationName = Release;
		};
/* End XCConfigurationList section */

/* Begin XCVersionGroup section */
		71AFD32725DA1F6D00688894 /* Todo_App.xcdatamodeld */ = {
			isa = XCVersionGroup;
			children = (
				71AFD32825DA1F6D00688894 /* Todo_App.xcdatamodel */,
			);
			currentVersion = 71AFD32825DA1F6D00688894 /* Todo_App.xcdatamodel */;
			path = Todo_App.xcdatamodeld;
			sourceTree = "<group>";
			versionGroupType = wrapper.xcdatamodel;
		};
/* End XCVersionGroup section */
	};
	rootObject = 71AFD31625DA1F6D00688894 /* Project object */;
}
